
Microsoft Visual Studio Solution File, Format Version 12.00
# Visual Studio 15
VisualStudioVersion = 15.0.33403.129
MinimumVisualStudioVersion = 10.0.40219.1
Project("{FAE04EC0-301F-11D3-BF4B-00C04F79EFBC}") = "Caliburn.Micro.Tutorial.Wpf", "Caliburn.Micro.Tutorial.Wpf\Caliburn.Micro.Tutorial.Wpf.csproj", "{3BF60E30-9811-462D-A612-702C16295D0B}"
EndProject
Global
	GlobalSection(SolutionConfigurationPlatforms) = preSolution
		Debug|Any CPU = Debug|Any CPU
		Release|Any CPU = Release|Any CPU
	EndGlobalSection
	GlobalSection(ProjectConfigurationPlatforms) = postSolution
		{3BF60E30-9811-462D-A612-702C16295D0B}.Debug|Any CPU.ActiveCfg = Debug|Any CPU
		{3BF60E30-9811-462D-A612-702C16295D0B}.Debug|Any CPU.Build.0 = Debug|Any CPU
		{3BF60E30-9811-462D-A612-702C16295D0B}.Release|Any CPU.ActiveCfg = Release|Any CPU
		{3BF60E30-9811-462D-A612-702C16295D0B}.Release|Any CPU.Build.0 = Release|Any CPU
	EndGlobalSection
	GlobalSection(SolutionProperties) = preSolution
		HideSolutionNode = FALSE
	EndGlobalSection
	GlobalSection(ExtensibilityGlobals) = postSolution
		SolutionGuid = {69FC8D95-0D32-4557-8C71-63A1BCA606F9}
	EndGlobalSection
EndGlobal
